{
  "nodes": {
    "import-cargo": {
      "locked": {
        "lastModified": 1594305518,
        "narHash": "sha256-frtArgN42rSaEcEOYWg8sVPMUK+Zgch3c+wejcpX3DY=",
        "owner": "edolstra",
        "repo": "import-cargo",
        "rev": "25d40be4a73d40a2572e0cc233b83253554f06c5",
        "type": "github"
      },
      "original": {
        "owner": "edolstra",
        "repo": "import-cargo",
        "type": "github"
      }
    },
    "nixpkgs": {
      "locked": {
        "lastModified": 1650895204,
        "narHash": "sha256-QQEVi8x6BOxMvvBVAyBxVQG17xsv2+zyCUlEd6dSmfM=",
        "owner": "NixOS",
        "repo": "nixpkgs",
        "rev": "e4636c2e871c54c541debd3e51df3e91da231662",
        "type": "github"
      },
      "original": {
        "owner": "NixOS",
        "repo": "nixpkgs",
        "type": "github"
      }
    },
    "root": {
      "inputs": {
        "import-cargo": "import-cargo",
        "nixpkgs": "nixpkgs"
      }
    }
  },
  "root": "root",
  "version": 7
}
